// !$*UTF8*$!
{
	archiveVersion = 1;
	classes = {
	};
	objectVersion = 46;
	objects = {

/* Begin PBXBuildFile section */
		C2DE2A861DBCFDF300819719 /* AppDelegate.swift in Sources */ = {isa = PBXBuildFile; fileRef = C2DE2A851DBCFDF300819719 /* AppDelegate.swift */; };
		C2DE2A881DBCFDF300819719 /* ViewController.swift in Sources */ = {isa = PBXBuildFile; fileRef = C2DE2A871DBCFDF300819719 /* ViewController.swift */; };
		C2DE2A8B1DBCFDF300819719 /* Main.storyboard in Resources */ = {isa = PBXBuildFile; fileRef = C2DE2A891DBCFDF300819719 /* Main.storyboard */; };
		C2DE2A8D1DBCFDF300819719 /* Assets.xcassets in Resources */ = {isa = PBXBuildFile; fileRef = C2DE2A8C1DBCFDF300819719 /* Assets.xcassets */; };
		C2DE2A901DBCFDF300819719 /* LaunchScreen.storyboard in Resources */ = {isa = PBXBuildFile; fileRef = C2DE2A8E1DBCFDF300819719 /* LaunchScreen.storyboard */; };
/* End PBXBuildFile section */

/* Begin PBXFileReference section */
		C2DE2A821DBCFDF300819719 /* Swift-Learning.app */ = {isa = PBXFileReference; explicitFileType = wrapper.application; includeInIndex = 0; path = "Swift-Learning.app"; sourceTree = BUILT_PRODUCTS_DIR; };
		C2DE2A851DBCFDF300819719 /* AppDelegate.swift */ = {isa = PBXFileReference; lastKnownFileType = sourcecode.swift; path = AppDelegate.swift; sourceTree = "<group>"; };
		C2DE2A871DBCFDF300819719 /* ViewController.swift */ = {isa = PBXFileReference; lastKnownFileType = sourcecode.swift; path = ViewController.swift; sourceTree = "<group>"; };
		C2DE2A8A1DBCFDF300819719 /* Base */ = {isa = PBXFileReference; lastKnownFileType = file.storyboard; name = Base; path = Base.lproj/Main.storyboard; sourceTree = "<group>"; };
		C2DE2A8C1DBCFDF300819719 /* Assets.xcassets */ = {isa = PBXFileReference; lastKnownFileType = folder.assetcatalog; path = Assets.xcassets; sourceTree = "<group>"; };
		C2DE2A8F1DBCFDF300819719 /* Base */ = {isa = PBXFileReference; lastKnownFileType = file.storyboard; name = Base; path = Base.lproj/LaunchScreen.storyboard; sourceTree = "<group>"; };
		C2DE2A911DBCFDF300819719 /* Info.plist */ = {isa = PBXFileReference; lastKnownFileType = text.plist.xml; path = Info.plist; sourceTree = "<group>"; };
/* End PBXFileReference section */

/* Begin PBXFrameworksBuildPhase section */
		C2DE2A7F1DBCFDF300819719 /* Frameworks */ = {
			isa = PBXFrameworksBuildPhase;
			buildActionMask = 2147483647;
			files = (
			);
			runOnlyForDeploymentPostprocessing = 0;
		};
/* End PBXFrameworksBuildPhase section */

/* Begin PBXGroup section */
		C2DE2A791DBCFDF300819719 = {
			isa = PBXGroup;
			children = (
				C2DE2A841DBCFDF300819719 /* Swift-Learning */,
				C2DE2A831DBCFDF300819719 /* Products */,
			);
			sourceTree = "<group>";
		};
		C2DE2A831DBCFDF300819719 /* Products */ = {
			isa = PBXGroup;
			children = (
				C2DE2A821DBCFDF300819719 /* Swift-Learning.app */,
			);
			name = Products;
			sourceTree = "<group>";
		};
		C2DE2A841DBCFDF300819719 /* Swift-Learning */ = {
			isa = PBXGroup;
			children = (
				C2DE2A851DBCFDF300819719 /* AppDelegate.swift */,
				C2DE2A871DBCFDF300819719 /* ViewController.swift */,
				C2DE2A891DBCFDF300819719 /* Main.storyboard */,
				C2DE2A8C1DBCFDF300819719 /* Assets.xcassets */,
				C2DE2A8E1DBCFDF300819719 /* LaunchScreen.storyboard */,
				C2DE2A911DBCFDF300819719 /* Info.plist */,
			);
			path = "Swift-Learning";
			sourceTree = "<group>";
		};
/* End PBXGroup section */

/* Begin PBXNativeTarget section */
		C2DE2A811DBCFDF300819719 /* Swift-Learning */ = {
			isa = PBXNativeTarget;
			buildConfigurationList = C2DE2A941DBCFDF300819719 /* Build configuration list for PBXNativeTarget "Swift-Learning" */;
			buildPhases = (
				C2DE2A7E1DBCFDF300819719 /* Sources */,
				C2DE2A7F1DBCFDF300819719 /* Frameworks */,
				C2DE2A801DBCFDF300819719 /* Resources */,
			);
			buildRules = (
			);
			dependencies = (
			);
			name = "Swift-Learning";
			productName = "Swift-Learning";
			productReference = C2DE2A821DBCFDF300819719 /* Swift-Learning.app */;
			productType = "com.apple.product-type.application";
		};
/* End PBXNativeTarget section */

/* Begin PBXProject section */
		C2DE2A7A1DBCFDF300819719 /* Project object */ = {
			isa = PBXProject;
			attributes = {
				LastSwiftUpdateCheck = 0800;
				LastUpgradeCheck = 0800;
				ORGANIZATIONNAME = "Artem Kutukov";
				TargetAttributes = {
					C2DE2A811DBCFDF300819719 = {
						CreatedOnToolsVersion = 8.0;
						DevelopmentTeam = 4P8H7DCL46;
						ProvisioningStyle = Automatic;
					};
				};
			};
			buildConfigurationList = C2DE2A7D1DBCFDF300819719 /* Build configuration list for PBXProject "Swift-Learning" */;
			compatibilityVersion = "Xcode 3.2";
			developmentRegion = English;
			hasScannedForEncodings = 0;
			knownRegions = (
				en,
				Base,
			);
			mainGroup = C2DE2A791DBCFDF300819719;
			productRefGroup = C2DE2A831DBCFDF300819719 /* Products */;
			projectDirPath = "";
			projectRoot = "";
			targets = (
				C2DE2A811DBCFDF300819719 /* Swift-Learning */,
			);
		};
/* End PBXProject section */

/* Begin PBXResourcesBuildPhase section */
		C2DE2A801DBCFDF300819719 /* Resources */ = {
			isa = PBXResourcesBuildPhase;
			buildActionMask = 2147483647;
			files = (
				C2DE2A901DBCFDF300819719 /* LaunchScreen.storyboard in Resources */,
				C2DE2A8D1DBCFDF300819719 /* Assets.xcassets in Resources */,
				C2DE2A8B1DBCFDF300819719 /* Main.storyboard in Resources */,
			);
			runOnlyForDeploymentPostprocessing = 0;
		};
/* End PBXResourcesBuildPhase section */

/* Begin PBXSourcesBuildPhase section */
		C2DE2A7E1DBCFDF300819719 /* Sources */ = {
			isa = PBXSourcesBuildPhase;
			buildActionMask = 2147483647;
			files = (
				C2DE2A881DBCFDF300819719 /* ViewController.swift in Sources */,
				C2DE2A861DBCFDF300819719 /* AppDelegate.swift in Sources */,
			);
			runOnlyForDeploymentPostprocessing = 0;
		};
/* End PBXSourcesBuildPhase section */

/* Begin PBXVariantGroup section */
		C2DE2A891DBCFDF300819719 /* Main.storyboard */ = {
			isa = PBXVariantGroup;
			children = (
				C2DE2A8A1DBCFDF300819719 /* Base */,
			);
			name = Main.storyboard;
			sourceTree = "<group>";
		};
		C2DE2A8E1DBCFDF300819719 /* LaunchScreen.storyboard */ = {
			isa = PBXVariantGroup;
			children = (
				C2DE2A8F1DBCFDF300819719 /* Base */,
			);
			name = LaunchScreen.storyboard;
			sourceTree = "<group>";
		};
/* End PBXVariantGroup section */

/* Begin XCBuildConfiguration section */
		C2DE2A921DBCFDF300819719 /* Debug */ = {
			isa = XCBuildConfiguration;
			buildSettings = {
				ALWAYS_SEARCH_USER_PATHS = NO;
				CLANG_ANALYZER_NONNULL = YES;
				CLANG_CXX_LANGUAGE_STANDARD = "gnu++0x";
				CLANG_CXX_LIBRARY = "libc++";
				CLANG_ENABLE_MODULES = YES;
				CLANG_ENABLE_OBJC_ARC = YES;
				CLANG_WARN_BOOL_CONVERSION = YES;
				CLANG_WARN_CONSTANT_CONVERSION = YES;
				CLANG_WARN_DIRECT_OBJC_ISA_USAGE = YES_ERROR;
				CLANG_WARN_DOCUMENTATION_COMMENTS = YES;
				CLANG_WARN_EMPTY_BODY = YES;
				CLANG_WARN_ENUM_CONVERSION = YES;
				CLANG_WARN_INFINITE_RECURSION = YES;
				CLANG_WARN_INT_CONVERSION = YES;
				CLANG_WARN_OBJC_ROOT_CLASS = YES_ERROR;
				CLANG_WARN_SUSPICIOUS_MOVES = YES;
				CLANG_WARN_UNREACHABLE_CODE = YES;
				CLANG_WARN__DUPLICATE_METHOD_MATCH = YES;
				"CODE_SIGN_IDENTITY[sdk=iphoneos*]" = "iPhone Developer";
				COPY_PHASE_STRIP = NO;
				DEBUG_INFORMATION_FORMAT = dwarf;
				ENABLE_STRICT_OBJC_MSGSEND = YES;
				ENABLE_TESTABILITY = YES;
				GCC_C_LANGUAGE_STANDARD = gnu99;
				GCC_DYNAMIC_NO_PIC = NO;
				GCC_NO_COMMON_BLOCKS = YES;
				GCC_OPTIMIZATION_LEVEL = 0;
				GCC_PREPROCESSOR_DEFINITIONS = (
					"DEBUG=1",
					"$(inherited)",
				);
				GCC_WARN_64_TO_32_BIT_CONVERSION = YES;
				GCC_WARN_ABOUT_RETURN_TYPE = YES_ERROR;
				GCC_WARN_UNDECLARED_SELECTOR = YES;
				GCC_WARN_UNINITIALIZED_AUTOS = YES_AGGRESSIVE;
				GCC_WARN_UNUSED_FUNCTION = YES;
				GCC_WARN_UNUSED_VARIABLE = YES;
				IPHONEOS_DEPLOYMENT_TARGET = 10.0;
				MTL_ENABLE_DEBUG_INFO = YES;
				ONLY_ACTIVE_ARCH = YES;
				SDKROOT = iphoneos;
				SWIFT_ACTIVE_COMPILATION_CONDITIONS = DEBUG;
				SWIFT_OPTIMIZATION_LEVEL = "-Onone";
			};
			name = Debug;
		};
		C2DE2A931DBCFDF300819719 /* Release */ = {
			isa = XCBuildConfiguration;
			buildSettings = {
				ALWAYS_SEARCH_USER_PATHS = NO;
				CLANG_ANALYZER_NONNULL = YES;
				CLANG_CXX_LANGUAGE_STANDARD = "gnu++0x";
				CLANG_CXX_LIBRARY = "libc++";
				CLANG_ENABLE_MODULES = YES;
				CLANG_ENABLE_OBJC_ARC = YES;
				CLANG_WARN_BOOL_CONVERSION = YES;
				CLANG_WARN_CONSTANT_CONVERSION = YES;
				CLANG_WARN_DIRECT_OBJC_ISA_USAGE = YES_ERROR;
				CLANG_WARN_DOCUMENTATION_COMMENTS = YES;
				CLANG_WARN_EMPTY_BODY = YES;
				CLANG_WARN_ENUM_CONVERSION = YES;
				CLANG_WARN_INFINITE_RECURSION = YES;
				CLANG_WARN_INT_CONVERSION = YES;
				CLANG_WARN_OBJC_ROOT_CLASS = YES_ERROR;
				CLANG_WARN_SUSPICIOUS_MOVES = YES;
				CLANG_WARN_UNREACHABLE_CODE = YES;
				CLANG_WARN__DUPLICATE_METHOD_MATCH = YES;
				"CODE_SIGN_IDENTITY[sdk=iphoneos*]" = "iPhone Developer";
				COPY_PHASE_STRIP = NO;
				DEBUG_INFORMATION_FORMAT = "dwarf-with-dsym";
				ENABLE_NS_ASSERTIONS = NO;
				ENABLE_STRICT_OBJC_MSGSEND = YES;
				GCC_C_LANGUAGE_STANDARD = gnu99;
				GCC_NO_COMMON_BLOCKS = YES;
				GCC_WARN_64_TO_32_BIT_CONVERSION = YES;
				GCC_WARN_ABOUT_RETURN_TYPE = YES_ERROR;
				GCC_WARN_UNDECLARED_SELECTOR = YES;
				GCC_WARN_UNINITIALIZED_AUTOS = YES_AGGRESSIVE;
				GCC_WARN_UNUSED_FUNCTION = YES;
				GCC_WARN_UNUSED_VARIABLE = YES;
				IPHONEOS_DEPLOYMENT_TARGET = 10.0;
				MTL_ENABLE_DEBUG_INFO = NO;
				SDKROOT = iphoneos;
				SWIFT_OPTIMIZATION_LEVEL = "-Owholemodule";
				VALIDATE_PRODUCT = YES;
			};
			name = Release;
		};
		C2DE2A951DBCFDF300819719 /* Debug */ = {
			isa = XCBuildConfiguration;
			buildSettings = {
				ASSETCATALOG_COMPILER_APPICON_NAME = AppIcon;
				DEVELOPMENT_TEAM = 4P8H7DCL46;
				INFOPLIST_FILE = "Swift-Learning/Info.plist";
				LD_RUNPATH_SEARCH_PATHS = "$(inherited) @executable_path/Frameworks";
				PRODUCT_BUNDLE_IDENTIFIER = "com.mad.Swift-Learning";
				PRODUCT_NAME = "$(TARGET_NAME)";
				SWIFT_VERSION = 3.0;
			};
			name = Debug;
		};
		C2DE2A961DBCFDF300819719 /* Release */ = {
			isa = XCBuildConfiguration;
			buildSettings = {
				ASSETCATALOG_COMPILER_APPICON_NAME = AppIcon;
				DEVELOPMENT_TEAM = 4P8H7DCL46;
				INFOPLIST_FILE = "Swift-Learning/Info.plist";
				LD_RUNPATH_SEARCH_PATHS = "$(inherited) @executable_path/Frameworks";
				PRODUCT_BUNDLE_IDENTIFIER = "com.mad.Swift-Learning";
				PRODUCT_NAME = "$(TARGET_NAME)";
				SWIFT_VERSION = 3.0;
			};
			name = Release;
		};
/* End XCBuildConfiguration section */

/* Begin XCConfigurationList section */
		C2DE2A7D1DBCFDF300819719 /* Build configuration list for PBXProject "Swift-Learning" */ = {
			isa = XCConfigurationList;
			buildConfigurations = (
				C2DE2A921DBCFDF300819719 /* Debug */,
				C2DE2A931DBCFDF300819719 /* Release */,
			);
			defaultConfigurationIsVisible = 0;
			defaultConfigurationName = Release;
		};
		C2DE2A941DBCFDF300819719 /* Build configuration list for PBXNativeTarget "Swift-Learning" */ = {
			isa = XCConfigurationList;
			buildConfigurations = (
				C2DE2A951DBCFDF300819719 /* Debug */,
				C2DE2A961DBCFDF300819719 /* Release */,
			);
			defaultConfigurationIsVisible = 0;
		};
/* End XCConfigurationList section */
	};
	rootObject = C2DE2A7A1DBCFDF300819719 /* Project object */;
}
